
Microsoft Visual Studio Solution File, Format Version 12.00
# Visual Studio Version 16
VisualStudioVersion = 16.0.31205.134
MinimumVisualStudioVersion = 10.0.40219.1
Project("{9A19103F-16F7-4668-BE54-9A1E7A4F7556}") = "FileProcessing.API", "FileProcessing.API\FileProcessing.API.csproj", "{564CED68-0DFA-4347-88D4-DAC66DC9CE3A}"
EndProject
Project("{9A19103F-16F7-4668-BE54-9A1E7A4F7556}") = "FileProcessingDB", "FileProcessingDB\FileProcessingDB.csproj", "{B2DAA0EE-013B-4E1D-8295-947FBD164451}"
EndProject
Project("{FAE04EC0-301F-11D3-BF4B-00C04F79EFBC}") = "FileProcessingApplication", "ApplicationCore\FileProcessingApplication.csproj", "{DC229920-BA7A-4D6A-A283-A9B21452A40E}"
EndProject
Global
	GlobalSection(SolutionConfigurationPlatforms) = preSolution
		Debug|Any CPU = Debug|Any CPU
		Release|Any CPU = Release|Any CPU
	EndGlobalSection
	GlobalSection(ProjectConfigurationPlatforms) = postSolution
		{564CED68-0DFA-4347-88D4-DAC66DC9CE3A}.Debug|Any CPU.ActiveCfg = Debug|Any CPU
		{564CED68-0DFA-4347-88D4-DAC66DC9CE3A}.Debug|Any CPU.Build.0 = Debug|Any CPU
		{564CED68-0DFA-4347-88D4-DAC66DC9CE3A}.Release|Any CPU.ActiveCfg = Release|Any CPU
		{564CED68-0DFA-4347-88D4-DAC66DC9CE3A}.Release|Any CPU.Build.0 = Release|Any CPU
		{B2DAA0EE-013B-4E1D-8295-947FBD164451}.Debug|Any CPU.ActiveCfg = Debug|Any CPU
		{B2DAA0EE-013B-4E1D-8295-947FBD164451}.Debug|Any CPU.Build.0 = Debug|Any CPU
		{B2DAA0EE-013B-4E1D-8295-947FBD164451}.Release|Any CPU.ActiveCfg = Release|Any CPU
		{B2DAA0EE-013B-4E1D-8295-947FBD164451}.Release|Any CPU.Build.0 = Release|Any CPU
		{DC229920-BA7A-4D6A-A283-A9B21452A40E}.Debug|Any CPU.ActiveCfg = Debug|Any CPU
		{DC229920-BA7A-4D6A-A283-A9B21452A40E}.Debug|Any CPU.Build.0 = Debug|Any CPU
		{DC229920-BA7A-4D6A-A283-A9B21452A40E}.Release|Any CPU.ActiveCfg = Release|Any CPU
		{DC229920-BA7A-4D6A-A283-A9B21452A40E}.Release|Any CPU.Build.0 = Release|Any CPU
	EndGlobalSection
	GlobalSection(SolutionProperties) = preSolution
		HideSolutionNode = FALSE
	EndGlobalSection
	GlobalSection(ExtensibilityGlobals) = postSolution
		SolutionGuid = {96D5269A-37BD-4FE0-AFDA-3CEC0B06540E}
	EndGlobalSection
EndGlobal
